{
  "nodes": {
    "devshell": {
      "locked": {
        "lastModified": 1634850494,
        "narHash": "sha256-8bD1CgAJovKjb88I9F/Lxa2Q9VdZBEJYX5rUqHHbaP4=",
        "owner": "numtide",
        "repo": "devshell",
        "rev": "d36e4ba27668f1620a5adebf5e0c724213a0f157",
        "type": "github"
      },
      "original": {
        "owner": "numtide",
        "repo": "devshell",
        "type": "github"
      }
    },
    "fenix": {
      "inputs": {
        "nixpkgs": "nixpkgs",
        "rust-analyzer-src": "rust-analyzer-src"
      },
      "locked": {
        "lastModified": 1635315838,
        "narHash": "sha256-59un+9LZogbhE4z4eJsZm6C2ZsoJLWjsgrPH+NAOH98=",
        "owner": "nix-community",
        "repo": "fenix",
        "rev": "ca0610dbd3a8a575ea0e33c61a6de23ab91a2e01",
        "type": "github"
      },
      "original": {
        "owner": "nix-community",
        "repo": "fenix",
        "type": "github"
      }
    },
    "nixCargoIntegration": {
      "inputs": {
        "devshell": "devshell",
        "nixpkgs": "nixpkgs_2",
        "rustOverlay": "rustOverlay"
      },
      "locked": {
        "lastModified": 1635314988,
        "narHash": "sha256-qCpnM+H20mJeRCEoz/Ywosr7QEGAqcaZYRRicj2vYac=",
        "owner": "yusdacra",
        "repo": "nix-cargo-integration",
        "rev": "98e845ae7b15689bf2c6883b5ec15bca834c433d",
        "type": "github"
      },
      "original": {
        "owner": "yusdacra",
        "repo": "nix-cargo-integration",
        "type": "github"
      }
    },
    "nixpkgs": {
      "locked": {
        "lastModified": 1634782485,
        "narHash": "sha256-psfh4OQSokGXG0lpq3zKFbhOo3QfoeudRcaUnwMRkQo=",
        "owner": "nixos",
        "repo": "nixpkgs",
        "rev": "34ad3ffe08adfca17fcb4e4a47bb5f3b113687be",
        "type": "github"
      },
      "original": {
        "owner": "nixos",
        "ref": "nixos-unstable",
        "repo": "nixpkgs",
        "type": "github"
      }
    },
    "nixpkgs_2": {
      "locked": {
        "lastModified": 1634782485,
        "narHash": "sha256-psfh4OQSokGXG0lpq3zKFbhOo3QfoeudRcaUnwMRkQo=",
        "owner": "NixOS",
        "repo": "nixpkgs",
        "rev": "34ad3ffe08adfca17fcb4e4a47bb5f3b113687be",
        "type": "github"
      },
      "original": {
        "owner": "NixOS",
        "ref": "nixos-unstable",
        "repo": "nixpkgs",
        "type": "github"
      }
    },
    "root": {
      "inputs": {
        "fenix": "fenix",
        "nixCargoIntegration": "nixCargoIntegration"
      }
    },
    "rust-analyzer-src": {
      "flake": false,
      "locked": {
        "lastModified": 1635274542,
        "narHash": "sha256-Cew1/WUozM3jalItPuj4cNN8GIFMvCaJ1KXoj6wrHwE=",
        "owner": "rust-analyzer",
        "repo": "rust-analyzer",
        "rev": "dd43f3f2d13a32199828e758ddf13176df1f17f9",
        "type": "github"
      },
      "original": {
        "owner": "rust-analyzer",
        "ref": "nightly",
        "repo": "rust-analyzer",
        "type": "github"
      }
    },
    "rustOverlay": {
      "flake": false,
      "locked": {
        "lastModified": 1635300835,
        "narHash": "sha256-bYcSZCcV5wvqCCcEquYUnOA8Mn2wUwcAQEZ4kPlNVSw=",
        "owner": "oxalica",
        "repo": "rust-overlay",
        "rev": "dbedcf48f0a145a9e4b110461d7cd07f97b68285",
        "type": "github"
      },
      "original": {
        "owner": "oxalica",
        "repo": "rust-overlay",
        "type": "github"
      }
    }
  },
  "root": "root",
  "version": 7
}
