{
  "nodes": {
    "devshell": {
      "locked": {
        "lastModified": 1632436039,
        "narHash": "sha256-OtITeVWcKXn1SpVEnImpTGH91FycCskGBPqmlxiykv4=",
        "owner": "numtide",
        "repo": "devshell",
        "rev": "7a7a7aa0adebe5488e5abaec688fd9ae0f8ea9c6",
        "type": "github"
      },
      "original": {
        "owner": "numtide",
        "repo": "devshell",
        "type": "github"
      }
    },
    "fenix": {
      "inputs": {
        "nixpkgs": "nixpkgs",
        "rust-analyzer-src": "rust-analyzer-src"
      },
      "locked": {
        "lastModified": 1634092455,
        "narHash": "sha256-4XTZy8CzT2Sc+CppuaLZAsqvt+H7cPn2I3ckE6ymIrE=",
        "owner": "nix-community",
        "repo": "fenix",
        "rev": "f1c6e456ca311b5363787038ac0f0d9046e41a94",
        "type": "github"
      },
      "original": {
        "owner": "nix-community",
        "repo": "fenix",
        "type": "github"
      }
    },
    "nixCargoIntegration": {
      "inputs": {
        "devshell": "devshell",
        "nixpkgs": "nixpkgs_2",
        "rustOverlay": "rustOverlay"
      },
      "locked": {
        "lastModified": 1634105392,
        "narHash": "sha256-EFwL0AXZdj8W70u3RvAOTP4s+8SbbRjPKrKo9RPlwt8=",
        "owner": "yusdacra",
        "repo": "nix-cargo-integration",
        "rev": "bfd608c07203fd542671ec8c1dc7db6b727f14e9",
        "type": "github"
      },
      "original": {
        "owner": "yusdacra",
        "repo": "nix-cargo-integration",
        "type": "github"
      }
    },
    "nixpkgs": {
      "locked": {
        "lastModified": 1633791597,
        "narHash": "sha256-HzpxqTEnqsjkKWfW87kSI3WVizYjUMQeUjSIm3b5I0Y=",
        "owner": "nixos",
        "repo": "nixpkgs",
        "rev": "9bf75dd50b7b6d3ce6aaf6563db95f41438b9bdb",
        "type": "github"
      },
      "original": {
        "owner": "nixos",
        "ref": "nixos-unstable",
        "repo": "nixpkgs",
        "type": "github"
      }
    },
    "nixpkgs_2": {
      "locked": {
        "lastModified": 1633791597,
        "narHash": "sha256-HzpxqTEnqsjkKWfW87kSI3WVizYjUMQeUjSIm3b5I0Y=",
        "owner": "NixOS",
        "repo": "nixpkgs",
        "rev": "9bf75dd50b7b6d3ce6aaf6563db95f41438b9bdb",
        "type": "github"
      },
      "original": {
        "owner": "NixOS",
        "ref": "nixos-unstable",
        "repo": "nixpkgs",
        "type": "github"
      }
    },
    "root": {
      "inputs": {
        "fenix": "fenix",
        "nixCargoIntegration": "nixCargoIntegration"
      }
    },
    "rust-analyzer-src": {
      "flake": false,
      "locked": {
        "lastModified": 1634066987,
        "narHash": "sha256-YgoOqnB0OrplGOK5PEmedZp4ucgN6Ax6MxCbQrhVK4Y=",
        "owner": "rust-analyzer",
        "repo": "rust-analyzer",
        "rev": "137ac67f5dd10d8a5e83e9eeb7600993e9886c8a",
        "type": "github"
      },
      "original": {
        "owner": "rust-analyzer",
        "ref": "nightly",
        "repo": "rust-analyzer",
        "type": "github"
      }
    },
    "rustOverlay": {
      "flake": false,
      "locked": {
        "lastModified": 1634091531,
        "narHash": "sha256-ioiuB96srF9SbpmG4E/VF8+EiT7cMxmo1U0S63kMJHk=",
        "owner": "oxalica",
        "repo": "rust-overlay",
        "rev": "59d77150c943a1e1377f94be1379c12349345e61",
        "type": "github"
      },
      "original": {
        "owner": "oxalica",
        "repo": "rust-overlay",
        "type": "github"
      }
    }
  },
  "root": "root",
  "version": 7
}
